
Microsoft Visual Studio Solution File, Format Version 12.00
# Visual Studio 15
VisualStudioVersion = 15.0.27428.2015
MinimumVisualStudioVersion = 10.0.40219.1
Project("{2150E333-8FDC-42A3-9474-1A3956D46DE8}") = "Engine", "Engine", "{0AB0FC03-B560-4F1B-B63D-A97AF507FE73}"
EndProject
Project("{2150E333-8FDC-42A3-9474-1A3956D46DE8}") = "Games", "Games", "{F5664E70-C200-4045-AD12-C80EAF16410D}"
EndProject
Project("{8BC9CEB8-8B4A-11D0-8D11-00A0C91BC942}") = "UE4", "Intermediate\ProjectFiles\UE4.vcxproj", "{5DA19BC3-4B89-42F5-85F5-CA50F9892218}"
EndProject
Project("{8BC9CEB8-8B4A-11D0-8D11-00A0C91BC942}") = "BuildingEscape", "Intermediate\ProjectFiles\BuildingEscape.vcxproj", "{D5FE7462-4972-4008-9F06-7EA9F53718F5}"
EndProject
Global
	GlobalSection(SolutionConfigurationPlatforms) = preSolution
		DebugGame Editor|HTML5 = DebugGame Editor|HTML5
		DebugGame Editor|IOS = DebugGame Editor|IOS
		DebugGame Editor|Win32 = DebugGame Editor|Win32
		DebugGame Editor|Win64 = DebugGame Editor|Win64
		DebugGame|HTML5 = DebugGame|HTML5
		DebugGame|IOS = DebugGame|IOS
		DebugGame|Win32 = DebugGame|Win32
		DebugGame|Win64 = DebugGame|Win64
		Development Editor|HTML5 = Development Editor|HTML5
		Development Editor|IOS = Development Editor|IOS
		Development Editor|Win32 = Development Editor|Win32
		Development Editor|Win64 = Development Editor|Win64
		Development|HTML5 = Development|HTML5
		Development|IOS = Development|IOS
		Development|Win32 = Development|Win32
		Development|Win64 = Development|Win64
		Shipping|HTML5 = Shipping|HTML5
		Shipping|IOS = Shipping|IOS
		Shipping|Win32 = Shipping|Win32
		Shipping|Win64 = Shipping|Win64
	EndGlobalSection
	GlobalSection(ProjectConfigurationPlatforms) = postSolution
		{5DA19BC3-4B89-42F5-85F5-CA50F9892218}.DebugGame Editor|HTML5.ActiveCfg = BuiltWithUnrealBuildTool|Win32
		{5DA19BC3-4B89-42F5-85F5-CA50F9892218}.DebugGame Editor|HTML5.Build.0 = BuiltWithUnrealBuildTool|Win32
		{5DA19BC3-4B89-42F5-85F5-CA50F9892218}.DebugGame Editor|IOS.ActiveCfg = BuiltWithUnrealBuildTool|Win32
		{5DA19BC3-4B89-42F5-85F5-CA50F9892218}.DebugGame Editor|IOS.Build.0 = BuiltWithUnrealBuildTool|Win32
		{5DA19BC3-4B89-42F5-85F5-CA50F9892218}.DebugGame Editor|Win32.ActiveCfg = BuiltWithUnrealBuildTool|Win32
		{5DA19BC3-4B89-42F5-85F5-CA50F9892218}.DebugGame Editor|Win32.Build.0 = BuiltWithUnrealBuildTool|Win32
		{5DA19BC3-4B89-42F5-85F5-CA50F9892218}.DebugGame Editor|Win64.ActiveCfg = BuiltWithUnrealBuildTool|Win32
		{5DA19BC3-4B89-42F5-85F5-CA50F9892218}.DebugGame Editor|Win64.Build.0 = BuiltWithUnrealBuildTool|Win32
		{5DA19BC3-4B89-42F5-85F5-CA50F9892218}.DebugGame|HTML5.ActiveCfg = BuiltWithUnrealBuildTool|Win32
		{5DA19BC3-4B89-42F5-85F5-CA50F9892218}.DebugGame|HTML5.Build.0 = BuiltWithUnrealBuildTool|Win32
		{5DA19BC3-4B89-42F5-85F5-CA50F9892218}.DebugGame|IOS.ActiveCfg = BuiltWithUnrealBuildTool|Win32
		{5DA19BC3-4B89-42F5-85F5-CA50F9892218}.DebugGame|IOS.Build.0 = BuiltWithUnrealBuildTool|Win32
		{5DA19BC3-4B89-42F5-85F5-CA50F9892218}.DebugGame|Win32.ActiveCfg = BuiltWithUnrealBuildTool|Win32
		{5DA19BC3-4B89-42F5-85F5-CA50F9892218}.DebugGame|Win32.Build.0 = BuiltWithUnrealBuildTool|Win32
		{5DA19BC3-4B89-42F5-85F5-CA50F9892218}.DebugGame|Win64.ActiveCfg = BuiltWithUnrealBuildTool|Win32
		{5DA19BC3-4B89-42F5-85F5-CA50F9892218}.DebugGame|Win64.Build.0 = BuiltWithUnrealBuildTool|Win32
		{5DA19BC3-4B89-42F5-85F5-CA50F9892218}.Development Editor|HTML5.ActiveCfg = BuiltWithUnrealBuildTool|Win32
		{5DA19BC3-4B89-42F5-85F5-CA50F9892218}.Development Editor|HTML5.Build.0 = BuiltWithUnrealBuildTool|Win32
		{5DA19BC3-4B89-42F5-85F5-CA50F9892218}.Development Editor|IOS.ActiveCfg = BuiltWithUnrealBuildTool|Win32
		{5DA19BC3-4B89-42F5-85F5-CA50F9892218}.Development Editor|IOS.Build.0 = BuiltWithUnrealBuildTool|Win32
		{5DA19BC3-4B89-42F5-85F5-CA50F9892218}.Development Editor|Win32.ActiveCfg = BuiltWithUnrealBuildTool|Win32
		{5DA19BC3-4B89-42F5-85F5-CA50F9892218}.Development Editor|Win32.Build.0 = BuiltWithUnrealBuildTool|Win32
		{5DA19BC3-4B89-42F5-85F5-CA50F9892218}.Development Editor|Win64.ActiveCfg = BuiltWithUnrealBuildTool|Win32
		{5DA19BC3-4B89-42F5-85F5-CA50F9892218}.Development Editor|Win64.Build.0 = BuiltWithUnrealBuildTool|Win32
		{5DA19BC3-4B89-42F5-85F5-CA50F9892218}.Development|HTML5.ActiveCfg = BuiltWithUnrealBuildTool|Win32
		{5DA19BC3-4B89-42F5-85F5-CA50F9892218}.Development|HTML5.Build.0 = BuiltWithUnrealBuildTool|Win32
		{5DA19BC3-4B89-42F5-85F5-CA50F9892218}.Development|IOS.ActiveCfg = BuiltWithUnrealBuildTool|Win32
		{5DA19BC3-4B89-42F5-85F5-CA50F9892218}.Development|IOS.Build.0 = BuiltWithUnrealBuildTool|Win32
		{5DA19BC3-4B89-42F5-85F5-CA50F9892218}.Development|Win32.ActiveCfg = BuiltWithUnrealBuildTool|Win32
		{5DA19BC3-4B89-42F5-85F5-CA50F9892218}.Development|Win32.Build.0 = BuiltWithUnrealBuildTool|Win32
		{5DA19BC3-4B89-42F5-85F5-CA50F9892218}.Development|Win64.ActiveCfg = BuiltWithUnrealBuildTool|Win32
		{5DA19BC3-4B89-42F5-85F5-CA50F9892218}.Development|Win64.Build.0 = BuiltWithUnrealBuildTool|Win32
		{5DA19BC3-4B89-42F5-85F5-CA50F9892218}.Shipping|HTML5.ActiveCfg = BuiltWithUnrealBuildTool|Win32
		{5DA19BC3-4B89-42F5-85F5-CA50F9892218}.Shipping|HTML5.Build.0 = BuiltWithUnrealBuildTool|Win32
		{5DA19BC3-4B89-42F5-85F5-CA50F9892218}.Shipping|IOS.ActiveCfg = BuiltWithUnrealBuildTool|Win32
		{5DA19BC3-4B89-42F5-85F5-CA50F9892218}.Shipping|IOS.Build.0 = BuiltWithUnrealBuildTool|Win32
		{5DA19BC3-4B89-42F5-85F5-CA50F9892218}.Shipping|Win32.ActiveCfg = BuiltWithUnrealBuildTool|Win32
		{5DA19BC3-4B89-42F5-85F5-CA50F9892218}.Shipping|Win32.Build.0 = BuiltWithUnrealBuildTool|Win32
		{5DA19BC3-4B89-42F5-85F5-CA50F9892218}.Shipping|Win64.ActiveCfg = BuiltWithUnrealBuildTool|Win32
		{5DA19BC3-4B89-42F5-85F5-CA50F9892218}.Shipping|Win64.Build.0 = BuiltWithUnrealBuildTool|Win32
		{D5FE7462-4972-4008-9F06-7EA9F53718F5}.DebugGame Editor|HTML5.ActiveCfg = HTML5_DebugGame_Editor|Win32
		{D5FE7462-4972-4008-9F06-7EA9F53718F5}.DebugGame Editor|IOS.ActiveCfg = IOS_DebugGame_Editor|Win32
		{D5FE7462-4972-4008-9F06-7EA9F53718F5}.DebugGame Editor|Win32.ActiveCfg = DebugGame_Editor|Win32
		{D5FE7462-4972-4008-9F06-7EA9F53718F5}.DebugGame Editor|Win64.ActiveCfg = DebugGame_Editor|x64
		{D5FE7462-4972-4008-9F06-7EA9F53718F5}.DebugGame Editor|Win64.Build.0 = DebugGame_Editor|x64
		{D5FE7462-4972-4008-9F06-7EA9F53718F5}.DebugGame|HTML5.ActiveCfg = HTML5_DebugGame_Game|Win32
		{D5FE7462-4972-4008-9F06-7EA9F53718F5}.DebugGame|HTML5.Build.0 = HTML5_DebugGame_Game|Win32
		{D5FE7462-4972-4008-9F06-7EA9F53718F5}.DebugGame|IOS.ActiveCfg = IOS_DebugGame_Game|Win32
		{D5FE7462-4972-4008-9F06-7EA9F53718F5}.DebugGame|IOS.Build.0 = IOS_DebugGame_Game|Win32
		{D5FE7462-4972-4008-9F06-7EA9F53718F5}.DebugGame|Win32.ActiveCfg = DebugGame_Game|Win32
		{D5FE7462-4972-4008-9F06-7EA9F53718F5}.DebugGame|Win32.Build.0 = DebugGame_Game|Win32
		{D5FE7462-4972-4008-9F06-7EA9F53718F5}.DebugGame|Win64.ActiveCfg = DebugGame_Game|x64
		{D5FE7462-4972-4008-9F06-7EA9F53718F5}.DebugGame|Win64.Build.0 = DebugGame_Game|x64
		{D5FE7462-4972-4008-9F06-7EA9F53718F5}.Development Editor|HTML5.ActiveCfg = HTML5_Development_Editor|Win32
		{D5FE7462-4972-4008-9F06-7EA9F53718F5}.Development Editor|IOS.ActiveCfg = IOS_Development_Editor|Win32
		{D5FE7462-4972-4008-9F06-7EA9F53718F5}.Development Editor|Win32.ActiveCfg = Development_Editor|Win32
		{D5FE7462-4972-4008-9F06-7EA9F53718F5}.Development Editor|Win64.ActiveCfg = Development_Editor|x64
		{D5FE7462-4972-4008-9F06-7EA9F53718F5}.Development Editor|Win64.Build.0 = Development_Editor|x64
		{D5FE7462-4972-4008-9F06-7EA9F53718F5}.Development|HTML5.ActiveCfg = HTML5_Development_Game|Win32
		{D5FE7462-4972-4008-9F06-7EA9F53718F5}.Development|HTML5.Build.0 = HTML5_Development_Game|Win32
		{D5FE7462-4972-4008-9F06-7EA9F53718F5}.Development|IOS.ActiveCfg = IOS_Development_Game|Win32
		{D5FE7462-4972-4008-9F06-7EA9F53718F5}.Development|IOS.Build.0 = IOS_Development_Game|Win32
		{D5FE7462-4972-4008-9F06-7EA9F53718F5}.Development|Win32.ActiveCfg = Development_Game|Win32
		{D5FE7462-4972-4008-9F06-7EA9F53718F5}.Development|Win32.Build.0 = Development_Game|Win32
		{D5FE7462-4972-4008-9F06-7EA9F53718F5}.Development|Win64.ActiveCfg = Development_Game|x64
		{D5FE7462-4972-4008-9F06-7EA9F53718F5}.Development|Win64.Build.0 = Development_Game|x64
		{D5FE7462-4972-4008-9F06-7EA9F53718F5}.Shipping|HTML5.ActiveCfg = HTML5_Shipping_Game|Win32
		{D5FE7462-4972-4008-9F06-7EA9F53718F5}.Shipping|HTML5.Build.0 = HTML5_Shipping_Game|Win32
		{D5FE7462-4972-4008-9F06-7EA9F53718F5}.Shipping|IOS.ActiveCfg = IOS_Shipping_Game|Win32
		{D5FE7462-4972-4008-9F06-7EA9F53718F5}.Shipping|IOS.Build.0 = IOS_Shipping_Game|Win32
		{D5FE7462-4972-4008-9F06-7EA9F53718F5}.Shipping|Win32.ActiveCfg = Shipping_Game|Win32
		{D5FE7462-4972-4008-9F06-7EA9F53718F5}.Shipping|Win32.Build.0 = Shipping_Game|Win32
		{D5FE7462-4972-4008-9F06-7EA9F53718F5}.Shipping|Win64.ActiveCfg = Shipping_Game|x64
		{D5FE7462-4972-4008-9F06-7EA9F53718F5}.Shipping|Win64.Build.0 = Shipping_Game|x64
	EndGlobalSection
	GlobalSection(SolutionProperties) = preSolution
		HideSolutionNode = FALSE
	EndGlobalSection
	GlobalSection(NestedProjects) = preSolution
		{5DA19BC3-4B89-42F5-85F5-CA50F9892218} = {0AB0FC03-B560-4F1B-B63D-A97AF507FE73}
		{D5FE7462-4972-4008-9F06-7EA9F53718F5} = {F5664E70-C200-4045-AD12-C80EAF16410D}
	EndGlobalSection
	GlobalSection(ExtensibilityGlobals) = postSolution
		SolutionGuid = {B843AF9E-24AE-437D-BD53-EA08EE4206AD}
	EndGlobalSection
EndGlobal
